
Microsoft Visual Studio Solution File, Format Version 12.00
# Visual Studio Version 16
Project("{FAE04EC0-301F-11D3-BF4B-00C04F79EFBC}") = "LiquidTemplates.Csharp", "src\LiquidTemplates.Csharp\LiquidTemplates.Csharp.csproj", "{81C2CAB3-744A-4BD7-9EA2-99374B8FC6C9}"
EndProject
Project("{FAE04EC0-301F-11D3-BF4B-00C04F79EFBC}") = "LiquidTemplates.Csharp.Tests", "src\LiquidTemplates.Csharp.Tests\LiquidTemplates.Csharp.Tests.csproj", "{85A650CD-152E-4DF4-BB59-B73A3125F076}"
EndProject
Project("{FAE04EC0-301F-11D3-BF4B-00C04F79EFBC}") = "LiquidTemplates", "src\LiquidTemplates\LiquidTemplates.csproj", "{AEEE15EA-691A-48EF-96D1-7F563F8AF9CF}"
EndProject
Project("{FAE04EC0-301F-11D3-BF4B-00C04F79EFBC}") = "LiquidTemplates.Csharp.Validation", "src\LiquidTemplates.Csharp.Validation\LiquidTemplates.Csharp.Validation.csproj", "{AC66E2F3-E937-4EDA-A44B-466403846E9D}"
EndProject
Global
	GlobalSection(SolutionConfigurationPlatforms) = preSolution
		Debug|Any CPU = Debug|Any CPU
		Release|Any CPU = Release|Any CPU
	EndGlobalSection
	GlobalSection(ProjectConfigurationPlatforms) = postSolution
		{81C2CAB3-744A-4BD7-9EA2-99374B8FC6C9}.Debug|Any CPU.ActiveCfg = Debug|Any CPU
		{81C2CAB3-744A-4BD7-9EA2-99374B8FC6C9}.Debug|Any CPU.Build.0 = Debug|Any CPU
		{81C2CAB3-744A-4BD7-9EA2-99374B8FC6C9}.Release|Any CPU.ActiveCfg = Release|Any CPU
		{81C2CAB3-744A-4BD7-9EA2-99374B8FC6C9}.Release|Any CPU.Build.0 = Release|Any CPU
		{85A650CD-152E-4DF4-BB59-B73A3125F076}.Debug|Any CPU.ActiveCfg = Debug|Any CPU
		{85A650CD-152E-4DF4-BB59-B73A3125F076}.Debug|Any CPU.Build.0 = Debug|Any CPU
		{85A650CD-152E-4DF4-BB59-B73A3125F076}.Release|Any CPU.ActiveCfg = Release|Any CPU
		{85A650CD-152E-4DF4-BB59-B73A3125F076}.Release|Any CPU.Build.0 = Release|Any CPU
		{AEEE15EA-691A-48EF-96D1-7F563F8AF9CF}.Debug|Any CPU.ActiveCfg = Debug|Any CPU
		{AEEE15EA-691A-48EF-96D1-7F563F8AF9CF}.Debug|Any CPU.Build.0 = Debug|Any CPU
		{AEEE15EA-691A-48EF-96D1-7F563F8AF9CF}.Release|Any CPU.ActiveCfg = Release|Any CPU
		{AEEE15EA-691A-48EF-96D1-7F563F8AF9CF}.Release|Any CPU.Build.0 = Release|Any CPU
		{AC66E2F3-E937-4EDA-A44B-466403846E9D}.Debug|Any CPU.ActiveCfg = Debug|Any CPU
		{AC66E2F3-E937-4EDA-A44B-466403846E9D}.Debug|Any CPU.Build.0 = Debug|Any CPU
		{AC66E2F3-E937-4EDA-A44B-466403846E9D}.Release|Any CPU.ActiveCfg = Release|Any CPU
		{AC66E2F3-E937-4EDA-A44B-466403846E9D}.Release|Any CPU.Build.0 = Release|Any CPU
	EndGlobalSection
EndGlobal
